
Microsoft Visual Studio Solution File, Format Version 12.00
Project("{FAE04EC0-301F-11D3-BF4B-00C04F79EFBC}") = "Maxisoft.Utils", "Maxisoft.Utils\Maxisoft.Utils.csproj", "{4AE7CD78-24B2-4F9D-87EB-27D804E1C634}"
EndProject
Project("{FAE04EC0-301F-11D3-BF4B-00C04F79EFBC}") = "Maxisoft.Utils.Tests", "Maxisoft.Utils.Tests\Maxisoft.Utils.Tests.csproj", "{BD41F847-A2AE-4C48-A500-E68E59911B3F}"
EndProject
Global
	GlobalSection(SolutionConfigurationPlatforms) = preSolution
		Debug|Any CPU = Debug|Any CPU
		Release|Any CPU = Release|Any CPU
	EndGlobalSection
	GlobalSection(ProjectConfigurationPlatforms) = postSolution
		{4AE7CD78-24B2-4F9D-87EB-27D804E1C634}.Debug|Any CPU.ActiveCfg = Debug|Any CPU
		{4AE7CD78-24B2-4F9D-87EB-27D804E1C634}.Debug|Any CPU.Build.0 = Debug|Any CPU
		{4AE7CD78-24B2-4F9D-87EB-27D804E1C634}.Release|Any CPU.ActiveCfg = Release|Any CPU
		{4AE7CD78-24B2-4F9D-87EB-27D804E1C634}.Release|Any CPU.Build.0 = Release|Any CPU
		{BD41F847-A2AE-4C48-A500-E68E59911B3F}.Debug|Any CPU.ActiveCfg = Debug|Any CPU
		{BD41F847-A2AE-4C48-A500-E68E59911B3F}.Debug|Any CPU.Build.0 = Debug|Any CPU
		{BD41F847-A2AE-4C48-A500-E68E59911B3F}.Release|Any CPU.ActiveCfg = Release|Any CPU
		{BD41F847-A2AE-4C48-A500-E68E59911B3F}.Release|Any CPU.Build.0 = Release|Any CPU
	EndGlobalSection
EndGlobal
